{
  "lockfileVersion": 1,
  "configVersion": 1,
  "workspaces": {
    "": {
      "name": "pg-local",
      "dependencies": {
        "embedded-postgres": "^18.4.0-beta.17",
      },
      "devDependencies": {
        "@types/bun": "latest",
      },
      "peerDependencies": {
        "typescript": "^5",
      },
    },
  },
  "trustedDependencies": [
    "@embedded-postgres/linux-x64",
  ],
  "packages": {
    "@embedded-postgres/darwin-arm64": ["@embedded-postgres/darwin-arm64@18.4.0-beta.17", "", { "os": "darwin", "cpu": "arm64" }, "sha512-Kg1ZMNFzkVIJs3g4V2UYEc5X005km9rGinxFBH8R1sOU2Rblvz4pt2Uf93Pu8Rk273Ue9HIdrbMPpgUqwjUi0Q=="],

    "@embedded-postgres/darwin-x64": ["@embedded-postgres/darwin-x64@18.4.0-beta.17", "", { "os": "darwin", "cpu": "x64" }, "sha512-4tShSYWMxUQTSWoQAdLnHISvRj6L9gTch9/31ASJPg6wgyN64LDRwMcOINEWybM7N0ropJ3nTYhFT3UX1bKY5Q=="],

    "@embedded-postgres/linux-arm": ["@embedded-postgres/linux-arm@18.4.0-beta.17", "", { "os": "linux", "cpu": "arm" }, "sha512-VuD1nFasN7yG57zpJcp6MBXM0nXqGfb8GBQV+f1FGJ17+VMNYLIFLhFp99UlY4xnWG74FQC4NPYw8eCwSTJ6qg=="],

    "@embedded-postgres/linux-arm64": ["@embedded-postgres/linux-arm64@18.4.0-beta.17", "", { "os": "linux", "cpu": "arm64" }, "sha512-TIzjtGnDGSD/LbdW0OWCEcbI+YVT0WKSfSr20TCkkP4UR8zeKe+QCZbO0/CM4hS9EWyZ4cDebjRvpRc3iMi6wg=="],

    "@embedded-postgres/linux-ia32": ["@embedded-postgres/linux-ia32@18.4.0-beta.17", "", { "os": "linux", "cpu": "ia32" }, "sha512-aSRe4kknqRHuedtpo/rDIaqa8r9VrKIgW9p5FkJyIFqUUkIkxRqND1dg8xrDRREcSUXRJKS0x+j/AuxflgYIfg=="],

    "@embedded-postgres/linux-ppc64": ["@embedded-postgres/linux-ppc64@18.4.0-beta.17", "", { "os": "linux", "cpu": "ppc64" }, "sha512-zO2RRUFdKRPplrdhmglG39VXJZzDXu3P3ONAG1sFPhGh89vbk24Btd5P7uOmQLIpWehzL0s+UqUWoeE/ZUKvgw=="],

    "@embedded-postgres/linux-x64": ["@embedded-postgres/linux-x64@18.4.0-beta.17", "", { "os": "linux", "cpu": "x64" }, "sha512-jVw/MdDtIX/vICH/DKIe6/mHpiCggdx6QVyza4vt/NbcZFsL0KhwglF6F1Koqx3gRBZ9XtN+vi63EsqSyqOSxA=="],

    "@embedded-postgres/windows-x64": ["@embedded-postgres/windows-x64@18.4.0-beta.17", "", { "os": "win32", "cpu": "x64" }, "sha512-AwRerliA4IGWyW5jWBvHt5vidVUSB0QQW9Tt2y7ScnmifnCb/awfxZr4BkBSTv+gNt8Djcddqs+xSF5Z6/CkTg=="],

    "@types/bun": ["@types/bun@1.4.2", "", { "dependencies": { "bun-types": "1.4.2" } }, "sha512-GimotNn7+ZV0uVArItBbriZsR1oNf0+WTzPkdcFrzShI7k2norL0uzEaJT8T33dWr7O/c9ZDuAFQrctKCi72oQ=="],

    "@types/node": ["@types/node@26.6.4", "", { "dependencies": { "undici-types": "~8.9.0" } }, "sha512-ldVPDCzj7fsaGZrLB0NuHuTvJcsNasysBAqMolr/cgxrLd1xbqxIr3XJiPnHHJUCxj5sNF1vnRj9aWnrVh5Jcg=="],

    "async-exit-hook": ["async-exit-hook@2.0.1", "", {}, "sha512-NW2cX8m1Q7KPA7a5M2ULQeZ2wR5qI5PAbw5L0UOMxdioVk9PMZ0h1TmyZEkPYrCvYjDlFICusOu1dlEKAAeXBw=="],

    "bun-types": ["bun-types@1.4.2", "", { "dependencies": { "@types/node": "*" } }, "sha512-bxV1FgK7yBIzjRe5zBozIM4Bem11ZJcCXSrjWRG3YWLt8yFDePu4cLjpebO8OvPeIE9trbyPF4fuj3Cia4Fj3w=="],

    "embedded-postgres": ["embedded-postgres@18.4.0-beta.17", "", { "dependencies": { "async-exit-hook": "^2.0.1", "pg": "^8.7.3" }, "optionalDependencies": { "@embedded-postgres/darwin-arm64": "^18.4.0-beta.17", "@embedded-postgres/darwin-x64": "^18.4.0-beta.17", "@embedded-postgres/linux-arm": "^18.4.0-beta.17", "@embedded-postgres/linux-arm64": "^18.4.0-beta.17", "@embedded-postgres/linux-ia32": "^18.4.0-beta.17", "@embedded-postgres/linux-ppc64": "^18.4.0-beta.17", "@embedded-postgres/linux-x64": "^18.4.0-beta.17", "@embedded-postgres/windows-x64": "^18.4.0-beta.17" } }, "sha512-ORT/A1YiO6ecpRHpyIIBgyCR/8ASqqYZuFw11aX9PkqTX3FUM5+9sNOXY1mGIixxsm2TWSIA5WghJEk7A5ZxVw=="],

    "pg": ["pg@8.23.1", "", { "dependencies": { "pg-connection-string": "^2.14.1", "pg-pool": "^3.14.0", "pg-protocol": "^1.16.1", "pg-types": "2.2.0", "pgpass": "1.0.5" }, "optionalDependencies": { "pg-cloudflare": "^1.4.1" }, "peerDependencies": { "pg-native": ">=3.0.1" }, "optionalPeers": ["pg-native"] }, "sha512-aL96AHANtWjPLDOLqnhx+ngp9+UK7ETEU8VJrDCGvsSSi/mGLcWYsS6Herg7lmaBJe4uwrfqsa7gTEFaSizDoQ=="],

    "pg-cloudflare": ["pg-cloudflare@1.4.1", "", {}, "sha512-6PQbsFWZcp9EmJEwy5cGQ2La+AMWpP46lgbb8X+U/XsHIUweYDNCpeuKck5RxL2MdVFi7krbbEi5nX4Zh7JhrQ=="],

    "pg-connection-string": ["pg-connection-string@2.14.1", "", {}, "sha512-qR3kGNPBLpCNtz0evbKA0Y/MRFXwSSdT+pTJvYp/bXTcReZbvX1kzF0IyTc1QnxqF7AZbOeBhNL8R5mYQZV/MA=="],

    "pg-int8": ["pg-int8@1.0.1", "", {}, "sha512-WCtabS6t3c8SkpDBUlb1kjOs7l66xsGdKpIPZsg4wR+B3+u9UAum2odSsF9tnvxg80h4ZxLWMy4pRjOsFIqQpw=="],

    "pg-pool": ["pg-pool@3.14.0", "", { "peerDependencies": { "pg": ">=8.0" } }, "sha512-gKtPkFdQPU3DksooVLi9LsjZxrsBUZIpa+7aVx+LV5pNh0KzP4Zleud2po+ConrxbuXGBJ6Hfer6hdgpIBpBaw=="],

    "pg-protocol": ["pg-protocol@1.16.1", "", {}, "sha512-p9VOFMiHB/ZbJATetbg+99PxssTVSQRnyuPSQ67mN1+1KBOjZaZ83ZQzltnxPhJwSsC3nwVjJ10DVJlerbFzLg=="],

    "pg-types": ["pg-types@2.2.0", "", { "dependencies": { "pg-int8": "1.0.1", "postgres-array": "~2.0.0", "postgres-bytea": "~1.0.0", "postgres-date": "~1.0.4", "postgres-interval": "^1.1.0" } }, "sha512-qTAAlrEsl8s4OiEQY69wDvcMIdQN6wdz5ojQiOy6YRMuynxenON0O5oCpJI6lshc6scgAY8qvJ2On/p+CXY0GA=="],

    "pgpass": ["pgpass@1.0.5", "", { "dependencies": { "split2": "^4.1.0" } }, "sha512-FdW9r/jQZhSeohs1Z3sI1yxFQNFvMcnmfuj4WBMUTxOrAyLMaTcE1aAMBiTlbMNaXvBCQuVi0R7hd8udDSP7ug=="],

    "postgres-array": ["postgres-array@2.0.0", "", {}, "sha512-VpZrUqU5A69eQyW2c5CA1jtLecCsN2U/bD6VilrFDWq5+5UIEVO7nazS3TEcHf1zuPYO/sqGvUvW62g86RXZuA=="],

    "postgres-bytea": ["postgres-bytea@1.0.1", "", {}, "sha512-5+5HqXnsZPE65IJZSMkZtURARZelel2oXUEO8rH83VS/hxH5vv1uHquPg5wZs8yMAfdv971IU+kcPUczi7NVBQ=="],

    "postgres-date": ["postgres-date@1.0.7", "", {}, "sha512-suDmjLVQg78nMK2UZ454hAG+OAW+HQPZ6n++TNDUX+L0+uUlLywnoxJKDou51Zm+zTCjrCl0Nq6J9C5hP9vK/Q=="],

    "postgres-interval": ["postgres-interval@1.2.0", "", { "dependencies": { "xtend": "^4.0.0" } }, "sha512-9ZhXKM/rw350N1ovuWHbGxnGh/SNJ4cnxHiM0rxE4VN41wsg8P8zWn9hv/buK00RP4WvlOyr/RBDiptyxVbkZQ=="],

    "split2": ["split2@4.2.0", "", {}, "sha512-UcjcJOWknrNkF6PLX83qcHM6KHgVKNkV62Y8a5uYDVv9ydGQVwAHMKqHdJje1VTWpljG0WYpCDhrCdAOYH4TWg=="],

    "typescript": ["typescript@5.9.3", "", { "bin": { "tsc": "bin/tsc", "tsserver": "bin/tsserver" } }, "sha512-jl1vZzPDinLr9eUt3J/t7V6FgNEw9QjvBPdysz9KfQDD41fQrC2Y4vKQdiaUpFT4bXlb1RHhLpp8wtm6M5TgSw=="],

    "undici-types": ["undici-types@8.9.0", "", {}, "sha512-KTDyRTYX8sWmKXAikPHHSyc63CRPETMctyjKFupcC6OBLXT3xsN0e9aF7m+mIXutFWpUXuedtowG7iLOzp0kQg=="],

    "xtend": ["xtend@4.0.2", "", {}, "sha512-LKYU1iAXJXUgAXn9URjiu+MWhyUXHsvfp7mcuYm9dSUKK0/CjtrUwFAxD82/mCWbtLsGjFIad0wIsod4zrTAEQ=="],
  }
}
